
Microsoft Visual Studio Solution File, Format Version 12.00
# Visual Studio 2017
Project("{FAE04EC0-301F-11D3-BF4B-00C04F79EFBC}") = "VR Mini Golf", "VR Mini Golf.csproj", "{D9B88A79-20A0-B6B3-F7EE-2F1075DEFCAB}"
EndProject
Project("{FAE04EC0-301F-11D3-BF4B-00C04F79EFBC}") = "VR Mini Golf", "VR Mini Golf.csproj", "{D9B88A79-20A0-B6B3-F7EE-2F1075DEFCAB}"
EndProject
Project("{FAE04EC0-301F-11D3-BF4B-00C04F79EFBC}") = "VR Mini Golf.Plugins", "VR Mini Golf.Plugins.csproj", "{B88DB2CA-B54B-527B-ACD0-82FB699D5D00}"
EndProject
Project("{FAE04EC0-301F-11D3-BF4B-00C04F79EFBC}") = "VR Mini Golf.Editor.Plugins", "VR Mini Golf.Editor.Plugins.csproj", "{CA79E078-A073-B9CE-B482-1081FD4F6A73}"
EndProject
Project("{FAE04EC0-301F-11D3-BF4B-00C04F79EFBC}") = "VR Mini Golf.Editor", "VR Mini Golf.Editor.csproj", "{329A240F-4FCE-F3B2-D65B-9DD3077004FB}"
EndProject
Project("{FAE04EC0-301F-11D3-BF4B-00C04F79EFBC}") = "VR Mini Golf.Editor", "VR Mini Golf.Editor.csproj", "{329A240F-4FCE-F3B2-D65B-9DD3077004FB}"
EndProject
Project("{FAE04EC0-301F-11D3-BF4B-00C04F79EFBC}") = "VR Mini Golf.Editor", "VR Mini Golf.Editor.csproj", "{329A240F-4FCE-F3B2-D65B-9DD3077004FB}"
EndProject
Project("{FAE04EC0-301F-11D3-BF4B-00C04F79EFBC}") = "VR Mini Golf.Editor", "VR Mini Golf.Editor.csproj", "{329A240F-4FCE-F3B2-D65B-9DD3077004FB}"
EndProject
Global
	GlobalSection(SolutionConfigurationPlatforms) = preSolution
		Debug|Any CPU = Debug|Any CPU
		Release|Any CPU = Release|Any CPU
	EndGlobalSection
	GlobalSection(ProjectConfigurationPlatforms) = postSolution
		{D9B88A79-20A0-B6B3-F7EE-2F1075DEFCAB}.Debug|Any CPU.ActiveCfg = Debug|Any CPU
		{D9B88A79-20A0-B6B3-F7EE-2F1075DEFCAB}.Debug|Any CPU.Build.0 = Debug|Any CPU
		{D9B88A79-20A0-B6B3-F7EE-2F1075DEFCAB}.Release|Any CPU.ActiveCfg = Release|Any CPU
		{D9B88A79-20A0-B6B3-F7EE-2F1075DEFCAB}.Release|Any CPU.Build.0 = Release|Any CPU
		{D9B88A79-20A0-B6B3-F7EE-2F1075DEFCAB}.Debug|Any CPU.ActiveCfg = Debug|Any CPU
		{D9B88A79-20A0-B6B3-F7EE-2F1075DEFCAB}.Debug|Any CPU.Build.0 = Debug|Any CPU
		{D9B88A79-20A0-B6B3-F7EE-2F1075DEFCAB}.Release|Any CPU.ActiveCfg = Release|Any CPU
		{D9B88A79-20A0-B6B3-F7EE-2F1075DEFCAB}.Release|Any CPU.Build.0 = Release|Any CPU
		{B88DB2CA-B54B-527B-ACD0-82FB699D5D00}.Debug|Any CPU.ActiveCfg = Debug|Any CPU
		{B88DB2CA-B54B-527B-ACD0-82FB699D5D00}.Debug|Any CPU.Build.0 = Debug|Any CPU
		{B88DB2CA-B54B-527B-ACD0-82FB699D5D00}.Release|Any CPU.ActiveCfg = Release|Any CPU
		{B88DB2CA-B54B-527B-ACD0-82FB699D5D00}.Release|Any CPU.Build.0 = Release|Any CPU
		{CA79E078-A073-B9CE-B482-1081FD4F6A73}.Debug|Any CPU.ActiveCfg = Debug|Any CPU
		{CA79E078-A073-B9CE-B482-1081FD4F6A73}.Debug|Any CPU.Build.0 = Debug|Any CPU
		{CA79E078-A073-B9CE-B482-1081FD4F6A73}.Release|Any CPU.ActiveCfg = Release|Any CPU
		{CA79E078-A073-B9CE-B482-1081FD4F6A73}.Release|Any CPU.Build.0 = Release|Any CPU
		{329A240F-4FCE-F3B2-D65B-9DD3077004FB}.Debug|Any CPU.ActiveCfg = Debug|Any CPU
		{329A240F-4FCE-F3B2-D65B-9DD3077004FB}.Debug|Any CPU.Build.0 = Debug|Any CPU
		{329A240F-4FCE-F3B2-D65B-9DD3077004FB}.Release|Any CPU.ActiveCfg = Release|Any CPU
		{329A240F-4FCE-F3B2-D65B-9DD3077004FB}.Release|Any CPU.Build.0 = Release|Any CPU
		{329A240F-4FCE-F3B2-D65B-9DD3077004FB}.Debug|Any CPU.ActiveCfg = Debug|Any CPU
		{329A240F-4FCE-F3B2-D65B-9DD3077004FB}.Debug|Any CPU.Build.0 = Debug|Any CPU
		{329A240F-4FCE-F3B2-D65B-9DD3077004FB}.Release|Any CPU.ActiveCfg = Release|Any CPU
		{329A240F-4FCE-F3B2-D65B-9DD3077004FB}.Release|Any CPU.Build.0 = Release|Any CPU
		{329A240F-4FCE-F3B2-D65B-9DD3077004FB}.Debug|Any CPU.ActiveCfg = Debug|Any CPU
		{329A240F-4FCE-F3B2-D65B-9DD3077004FB}.Debug|Any CPU.Build.0 = Debug|Any CPU
		{329A240F-4FCE-F3B2-D65B-9DD3077004FB}.Release|Any CPU.ActiveCfg = Release|Any CPU
		{329A240F-4FCE-F3B2-D65B-9DD3077004FB}.Release|Any CPU.Build.0 = Release|Any CPU
		{329A240F-4FCE-F3B2-D65B-9DD3077004FB}.Debug|Any CPU.ActiveCfg = Debug|Any CPU
		{329A240F-4FCE-F3B2-D65B-9DD3077004FB}.Debug|Any CPU.Build.0 = Debug|Any CPU
		{329A240F-4FCE-F3B2-D65B-9DD3077004FB}.Release|Any CPU.ActiveCfg = Release|Any CPU
		{329A240F-4FCE-F3B2-D65B-9DD3077004FB}.Release|Any CPU.Build.0 = Release|Any CPU
	EndGlobalSection
	GlobalSection(SolutionProperties) = preSolution
		HideSolutionNode = FALSE
	EndGlobalSection
EndGlobal
